{
  "name": "starter-template",
  "version": "1.0.0",
  "lockfileVersion": 3,
  "requires": true,
  "packages": {
    "": {
      "name": "starter-template",
      "version": "1.0.0",
      "dependencies": {
        "node-appwrite": "^29.0.0"
      },
      "devDependencies": {
        "prettier": "^3.2.5"
      }
    },
    "node_modules/bignumber.js": {
      "version": "9.3.1",
      "resolved": "https://registry.npmjs.org/bignumber.js/-/bignumber.js-9.3.1.tgz",
      "integrity": "sha512-Ko0uX15oIUS7wJ3Rb30Fs6SkVbLmPBAKdlm7q9+ak9bbIeFf0MwuBsQV6z7+X768/cHsfg+WlysDWJcmthjsjQ==",
      "license": "MIT",
      "engines": {
        "node": "*"
      }
    },
    "node_modules/json-bigint": {
      "version": "1.0.0",
      "resolved": "https://registry.npmjs.org/json-bigint/-/json-bigint-1.0.0.tgz",
      "integrity": "sha512-SiPv/8VpZuWbvLSMtTDU8hEfrZWg/mH/nV/b4o0CYbSxu1UIQPLdwKOCIyLQX+VIPO5vrLX3i8qtqFyhdPSUSQ==",
      "license": "MIT",
      "dependencies": {
        "bignumber.js": "^9.0.0"
      }
    },
    "node_modules/node-appwrite": {
      "version": "29.0.0",
      "resolved": "https://registry.npmjs.org/node-appwrite/-/node-appwrite-29.0.0.tgz",
      "integrity": "sha512-c2lkV5uiHrOXEs2VqyQYmXomEGgeHS21neCJHb0tyGfeQ0KqIPKYz9O3TQrRtRJk7YMBRoJfjorR527371TRdQ==",
      "license": "BSD-3-Clause",
      "dependencies": {
        "json-bigint": "1.0.0",
        "undici": "^6.27.0"
      }
    },
    "node_modules/prettier": {
      "version": "3.9.6",
      "resolved": "https://registry.npmjs.org/prettier/-/prettier-3.9.6.tgz",
      "integrity": "sha512-OpN0zzVdiaiAhxpuuj5efpIS4sY9j7bY6uR5mnj5yPzGkdkjNKSJeUThPb60Jw29QuAZgA4o+/iB49kFiaBX6g==",
      "dev": true,
      "license": "MIT",
      "bin": {
        "prettier": "bin/prettier.cjs"
      },
      "engines": {
        "node": ">=14"
      },
      "funding": {
        "url": "https://github.com/prettier/prettier?sponsor=1"
      }
    },
    "node_modules/undici": {
      "version": "6.28.1",
      "resolved": "https://registry.npmjs.org/undici/-/undici-6.28.1.tgz",
      "integrity": "sha512-zWpdTVD54H48CIybL0rWQ3ukpb9d23wM7eH5RtfdmeP70cWHNjtfo7P4vZX+5CoDcO53J4Pu5uXp7lNfjc6DRA==",
      "license": "MIT",
      "engines": {
        "node": ">=18.17"
      }
    }
  }
}
