{
  "name": "starter-template",
  "version": "1.0.0",
  "lockfileVersion": 3,
  "requires": true,
  "packages": {
    "": {
      "name": "starter-template",
      "version": "1.0.0",
      "dependencies": {
        "node-appwrite": "^20.2.1"
      },
      "devDependencies": {
        "prettier": "^3.2.5"
      }
    },
    "node_modules/node-appwrite": {
      "version": "20.3.0",
      "resolved": "https://registry.npmjs.org/node-appwrite/-/node-appwrite-20.3.0.tgz",
      "integrity": "sha512-vaxlpkNTtjkccyngwc9HRSwQQasZ/CJri6KMZ62mlDAM1YdvOgqIM8EYJwvhx/fiHdyjfxithFcmnvzUR9TGTQ==",
      "license": "BSD-3-Clause",
      "dependencies": {
        "node-fetch-native-with-agent": "1.7.2"
      }
    },
    "node_modules/node-fetch-native-with-agent": {
      "version": "1.7.2",
      "resolved": "https://registry.npmjs.org/node-fetch-native-with-agent/-/node-fetch-native-with-agent-1.7.2.tgz",
      "integrity": "sha512-5MaOOCuJEvcckoz7/tjdx1M6OusOY6Xc5f459IaruGStWnKzlI1qpNgaAwmn4LmFYcsSlj+jBMk84wmmRxfk5g==",
      "license": "MIT"
    },
    "node_modules/prettier": {
      "version": "3.9.6",
      "resolved": "https://registry.npmjs.org/prettier/-/prettier-3.9.6.tgz",
      "integrity": "sha512-OpN0zzVdiaiAhxpuuj5efpIS4sY9j7bY6uR5mnj5yPzGkdkjNKSJeUThPb60Jw29QuAZgA4o+/iB49kFiaBX6g==",
      "dev": true,
      "license": "MIT",
      "bin": {
        "prettier": "bin/prettier.cjs"
      },
      "engines": {
        "node": ">=14"
      },
      "funding": {
        "url": "https://github.com/prettier/prettier?sponsor=1"
      }
    }
  }
}
