{
  "name": "sync-with-algolia",
  "version": "1.0.0",
  "lockfileVersion": 3,
  "requires": true,
  "packages": {
    "": {
      "name": "sync-with-algolia",
      "version": "1.0.0",
      "dependencies": {
        "algoliasearch": "^4.23.3",
        "node-appwrite": "^14.1.0"
      },
      "devDependencies": {
        "prettier": "^3.2.5"
      }
    },
    "node_modules/@algolia/cache-browser-local-storage": {
      "version": "4.23.3",
      "resolved": "https://registry.npmjs.org/@algolia/cache-browser-local-storage/-/cache-browser-local-storage-4.23.3.tgz",
      "integrity": "sha512-vRHXYCpPlTDE7i6UOy2xE03zHF2C8MEFjPN2v7fRbqVpcOvAUQK81x3Kc21xyb5aSIpYCjWCZbYZuz8Glyzyyg==",
      "dependencies": {
        "@algolia/cache-common": "4.23.3"
      }
    },
    "node_modules/@algolia/cache-common": {
      "version": "4.23.3",
      "resolved": "https://registry.npmjs.org/@algolia/cache-common/-/cache-common-4.23.3.tgz",
      "integrity": "sha512-h9XcNI6lxYStaw32pHpB1TMm0RuxphF+Ik4o7tcQiodEdpKK+wKufY6QXtba7t3k8eseirEMVB83uFFF3Nu54A=="
    },
    "node_modules/@algolia/cache-in-memory": {
      "version": "4.23.3",
      "resolved": "https://registry.npmjs.org/@algolia/cache-in-memory/-/cache-in-memory-4.23.3.tgz",
      "integrity": "sha512-yvpbuUXg/+0rbcagxNT7un0eo3czx2Uf0y4eiR4z4SD7SiptwYTpbuS0IHxcLHG3lq22ukx1T6Kjtk/rT+mqNg==",
      "dependencies": {
        "@algolia/cache-common": "4.23.3"
      }
    },
    "node_modules/@algolia/client-account": {
      "version": "4.23.3",
      "resolved": "https://registry.npmjs.org/@algolia/client-account/-/client-account-4.23.3.tgz",
      "integrity": "sha512-hpa6S5d7iQmretHHF40QGq6hz0anWEHGlULcTIT9tbUssWUriN9AUXIFQ8Ei4w9azD0hc1rUok9/DeQQobhQMA==",
      "dependencies": {
        "@algolia/client-common": "4.23.3",
        "@algolia/client-search": "4.23.3",
        "@algolia/transporter": "4.23.3"
      }
    },
    "node_modules/@algolia/client-analytics": {
      "version": "4.23.3",
      "resolved": "https://registry.npmjs.org/@algolia/client-analytics/-/client-analytics-4.23.3.tgz",
      "integrity": "sha512-LBsEARGS9cj8VkTAVEZphjxTjMVCci+zIIiRhpFun9jGDUlS1XmhCW7CTrnaWeIuCQS/2iPyRqSy1nXPjcBLRA==",
      "dependencies": {
        "@algolia/client-common": "4.23.3",
        "@algolia/client-search": "4.23.3",
        "@algolia/requester-common": "4.23.3",
        "@algolia/transporter": "4.23.3"
      }
    },
    "node_modules/@algolia/client-common": {
      "version": "4.23.3",
      "resolved": "https://registry.npmjs.org/@algolia/client-common/-/client-common-4.23.3.tgz",
      "integrity": "sha512-l6EiPxdAlg8CYhroqS5ybfIczsGUIAC47slLPOMDeKSVXYG1n0qGiz4RjAHLw2aD0xzh2EXZ7aRguPfz7UKDKw==",
      "dependencies": {
        "@algolia/requester-common": "4.23.3",
        "@algolia/transporter": "4.23.3"
      }
    },
    "node_modules/@algolia/client-personalization": {
      "version": "4.23.3",
      "resolved": "https://registry.npmjs.org/@algolia/client-personalization/-/client-personalization-4.23.3.tgz",
      "integrity": "sha512-3E3yF3Ocr1tB/xOZiuC3doHQBQ2zu2MPTYZ0d4lpfWads2WTKG7ZzmGnsHmm63RflvDeLK/UVx7j2b3QuwKQ2g==",
      "dependencies": {
        "@algolia/client-common": "4.23.3",
        "@algolia/requester-common": "4.23.3",
        "@algolia/transporter": "4.23.3"
      }
    },
    "node_modules/@algolia/client-search": {
      "version": "4.23.3",
      "resolved": "https://registry.npmjs.org/@algolia/client-search/-/client-search-4.23.3.tgz",
      "integrity": "sha512-P4VAKFHqU0wx9O+q29Q8YVuaowaZ5EM77rxfmGnkHUJggh28useXQdopokgwMeYw2XUht49WX5RcTQ40rZIabw==",
      "dependencies": {
        "@algolia/client-common": "4.23.3",
        "@algolia/requester-common": "4.23.3",
        "@algolia/transporter": "4.23.3"
      }
    },
    "node_modules/@algolia/logger-common": {
      "version": "4.23.3",
      "resolved": "https://registry.npmjs.org/@algolia/logger-common/-/logger-common-4.23.3.tgz",
      "integrity": "sha512-y9kBtmJwiZ9ZZ+1Ek66P0M68mHQzKRxkW5kAAXYN/rdzgDN0d2COsViEFufxJ0pb45K4FRcfC7+33YB4BLrZ+g=="
    },
    "node_modules/@algolia/logger-console": {
      "version": "4.23.3",
      "resolved": "https://registry.npmjs.org/@algolia/logger-console/-/logger-console-4.23.3.tgz",
      "integrity": "sha512-8xoiseoWDKuCVnWP8jHthgaeobDLolh00KJAdMe9XPrWPuf1by732jSpgy2BlsLTaT9m32pHI8CRfrOqQzHv3A==",
      "dependencies": {
        "@algolia/logger-common": "4.23.3"
      }
    },
    "node_modules/@algolia/recommend": {
      "version": "4.23.3",
      "resolved": "https://registry.npmjs.org/@algolia/recommend/-/recommend-4.23.3.tgz",
      "integrity": "sha512-9fK4nXZF0bFkdcLBRDexsnGzVmu4TSYZqxdpgBW2tEyfuSSY54D4qSRkLmNkrrz4YFvdh2GM1gA8vSsnZPR73w==",
      "dependencies": {
        "@algolia/cache-browser-local-storage": "4.23.3",
        "@algolia/cache-common": "4.23.3",
        "@algolia/cache-in-memory": "4.23.3",
        "@algolia/client-common": "4.23.3",
        "@algolia/client-search": "4.23.3",
        "@algolia/logger-common": "4.23.3",
        "@algolia/logger-console": "4.23.3",
        "@algolia/requester-browser-xhr": "4.23.3",
        "@algolia/requester-common": "4.23.3",
        "@algolia/requester-node-http": "4.23.3",
        "@algolia/transporter": "4.23.3"
      }
    },
    "node_modules/@algolia/requester-browser-xhr": {
      "version": "4.23.3",
      "resolved": "https://registry.npmjs.org/@algolia/requester-browser-xhr/-/requester-browser-xhr-4.23.3.tgz",
      "integrity": "sha512-jDWGIQ96BhXbmONAQsasIpTYWslyjkiGu0Quydjlowe+ciqySpiDUrJHERIRfELE5+wFc7hc1Q5hqjGoV7yghw==",
      "dependencies": {
        "@algolia/requester-common": "4.23.3"
      }
    },
    "node_modules/@algolia/requester-common": {
      "version": "4.23.3",
      "resolved": "https://registry.npmjs.org/@algolia/requester-common/-/requester-common-4.23.3.tgz",
      "integrity": "sha512-xloIdr/bedtYEGcXCiF2muajyvRhwop4cMZo+K2qzNht0CMzlRkm8YsDdj5IaBhshqfgmBb3rTg4sL4/PpvLYw=="
    },
    "node_modules/@algolia/requester-node-http": {
      "version": "4.23.3",
      "resolved": "https://registry.npmjs.org/@algolia/requester-node-http/-/requester-node-http-4.23.3.tgz",
      "integrity": "sha512-zgu++8Uj03IWDEJM3fuNl34s746JnZOWn1Uz5taV1dFyJhVM/kTNw9Ik7YJWiUNHJQXcaD8IXD1eCb0nq/aByA==",
      "dependencies": {
        "@algolia/requester-common": "4.23.3"
      }
    },
    "node_modules/@algolia/transporter": {
      "version": "4.23.3",
      "resolved": "https://registry.npmjs.org/@algolia/transporter/-/transporter-4.23.3.tgz",
      "integrity": "sha512-Wjl5gttqnf/gQKJA+dafnD0Y6Yw97yvfY8R9h0dQltX1GXTgNs1zWgvtWW0tHl1EgMdhAyw189uWiZMnL3QebQ==",
      "dependencies": {
        "@algolia/cache-common": "4.23.3",
        "@algolia/logger-common": "4.23.3",
        "@algolia/requester-common": "4.23.3"
      }
    },
    "node_modules/algoliasearch": {
      "version": "4.23.3",
      "resolved": "https://registry.npmjs.org/algoliasearch/-/algoliasearch-4.23.3.tgz",
      "integrity": "sha512-Le/3YgNvjW9zxIQMRhUHuhiUjAlKY/zsdZpfq4dlLqg6mEm0nL6yk+7f2hDOtLpxsgE4jSzDmvHL7nXdBp5feg==",
      "dependencies": {
        "@algolia/cache-browser-local-storage": "4.23.3",
        "@algolia/cache-common": "4.23.3",
        "@algolia/cache-in-memory": "4.23.3",
        "@algolia/client-account": "4.23.3",
        "@algolia/client-analytics": "4.23.3",
        "@algolia/client-common": "4.23.3",
        "@algolia/client-personalization": "4.23.3",
        "@algolia/client-search": "4.23.3",
        "@algolia/logger-common": "4.23.3",
        "@algolia/logger-console": "4.23.3",
        "@algolia/recommend": "4.23.3",
        "@algolia/requester-browser-xhr": "4.23.3",
        "@algolia/requester-common": "4.23.3",
        "@algolia/requester-node-http": "4.23.3",
        "@algolia/transporter": "4.23.3"
      }
    },
    "node_modules/node-appwrite": {
      "version": "14.1.0",
      "resolved": "https://registry.npmjs.org/node-appwrite/-/node-appwrite-14.1.0.tgz",
      "integrity": "sha512-kuKAZrdaAcGYOMUXtxNb1j+uIy+FIMiiU1dFkgwTXLsMLeLvC6HJ8/FH/kN9JyrWR2a2zcGN7gWfyQgWYoLMTA==",
      "license": "BSD-3-Clause",
      "dependencies": {
        "node-fetch-native-with-agent": "1.7.2"
      }
    },
    "node_modules/node-fetch-native-with-agent": {
      "version": "1.7.2",
      "resolved": "https://registry.npmjs.org/node-fetch-native-with-agent/-/node-fetch-native-with-agent-1.7.2.tgz",
      "integrity": "sha512-5MaOOCuJEvcckoz7/tjdx1M6OusOY6Xc5f459IaruGStWnKzlI1qpNgaAwmn4LmFYcsSlj+jBMk84wmmRxfk5g==",
      "license": "MIT"
    },
    "node_modules/prettier": {
      "version": "3.2.5",
      "resolved": "https://registry.npmjs.org/prettier/-/prettier-3.2.5.tgz",
      "integrity": "sha512-3/GWa9aOC0YeD7LUfvOG2NiDyhOWRvt1k+rcKhOuYnMY24iiCphgneUfJDyFXd6rZCAnuLBv6UeAULtrhT/F4A==",
      "dev": true,
      "bin": {
        "prettier": "bin/prettier.cjs"
      },
      "engines": {
        "node": ">=14"
      },
      "funding": {
        "url": "https://github.com/prettier/prettier?sponsor=1"
      }
    }
  }
}
