{
  "name": "discord-bot",
  "version": "1.0.0",
  "lockfileVersion": 3,
  "requires": true,
  "packages": {
    "": {
      "name": "discord-bot",
      "version": "1.0.0",
      "dependencies": {
        "discord-interactions": "^4.1.0",
        "typescript": "^5.6.3",
        "undici": "6.21.0"
      },
      "devDependencies": {
        "@types/node": "^22.9.1",
        "prettier": "^3.3.3"
      }
    },
    "node_modules/@types/node": {
      "version": "22.9.1",
      "resolved": "https://registry.npmjs.org/@types/node/-/node-22.9.1.tgz",
      "integrity": "sha512-p8Yy/8sw1caA8CdRIQBG5tiLHmxtQKObCijiAa9Ez+d4+PRffM4054xbju0msf+cvhJpnFEeNjxmVT/0ipktrg==",
      "dev": true,
      "license": "MIT",
      "dependencies": {
        "undici-types": "~6.19.8"
      }
    },
    "node_modules/discord-interactions": {
      "version": "4.1.0",
      "resolved": "https://registry.npmjs.org/discord-interactions/-/discord-interactions-4.1.0.tgz",
      "integrity": "sha512-7DyXvsnp9FxjMPD+cPHG3DbttveVgOcWOBtWqyjSQ2bsfkTVpJF2l4c8+XujXaC45NXpRV67Da3go5O2DI0/hw==",
      "license": "MIT",
      "engines": {
        "node": ">=18.4.0"
      }
    },
    "node_modules/prettier": {
      "version": "3.3.3",
      "resolved": "https://registry.npmjs.org/prettier/-/prettier-3.3.3.tgz",
      "integrity": "sha512-i2tDNA0O5IrMO757lfrdQZCc2jPNDVntV0m/+4whiDfWaTKfMNgR7Qz0NAeGz/nRqF4m5/6CLzbP4/liHt12Ew==",
      "dev": true,
      "license": "MIT",
      "bin": {
        "prettier": "bin/prettier.cjs"
      },
      "engines": {
        "node": ">=14"
      },
      "funding": {
        "url": "https://github.com/prettier/prettier?sponsor=1"
      }
    },
    "node_modules/typescript": {
      "version": "5.6.3",
      "resolved": "https://registry.npmjs.org/typescript/-/typescript-5.6.3.tgz",
      "integrity": "sha512-hjcS1mhfuyi4WW8IWtjP7brDrG2cuDZukyrYrSauoXGNgx0S7zceP07adYkJycEr56BOUTNPzbInooiN3fn1qw==",
      "license": "Apache-2.0",
      "bin": {
        "tsc": "bin/tsc",
        "tsserver": "bin/tsserver"
      },
      "engines": {
        "node": ">=14.17"
      }
    },
    "node_modules/undici": {
      "version": "6.21.0",
      "resolved": "https://registry.npmjs.org/undici/-/undici-6.21.0.tgz",
      "integrity": "sha512-BUgJXc752Kou3oOIuU1i+yZZypyZRqNPW0vqoMPl8VaoalSfeR0D8/t4iAS3yirs79SSMTxTag+ZC86uswv+Cw==",
      "license": "MIT",
      "engines": {
        "node": ">=18.17"
      }
    },
    "node_modules/undici-types": {
      "version": "6.19.8",
      "resolved": "https://registry.npmjs.org/undici-types/-/undici-types-6.19.8.tgz",
      "integrity": "sha512-ve2KP6f/JnbPBFyobGHuerC9g1FYGn/F8n1LWTwNxCEzd6IfqTwUQcNXgEtmmQ6DlRrC1hrSrBnCZPokRrDHjw==",
      "dev": true,
      "license": "MIT"
    }
  }
}
