{
  "name": "query-upstash-vector",
  "version": "1.0.0",
  "lockfileVersion": 3,
  "requires": true,
  "packages": {
    "": {
      "name": "query-upstash-vector",
      "version": "1.0.0",
      "license": "ISC",
      "dependencies": {
        "@upstash/vector": "^1.1.1"
      }
    },
    "node_modules/@upstash/vector": {
      "version": "1.1.1",
      "resolved": "https://registry.npmjs.org/@upstash/vector/-/vector-1.1.1.tgz",
      "integrity": "sha512-40pRY6BYpNElZ0/BFiDk9p1Pn4D+WUM4qm528yYlJm6ifjcg4xQthwiE8+6j2t9rqr3FtWaNhdpLXTyj1ptNLA=="
    }
  }
}
