{
  "name": "query-upstash-vector",
  "version": "1.0.0",
  "lockfileVersion": 3,
  "requires": true,
  "packages": {
    "": {
      "name": "query-upstash-vector",
      "version": "1.0.0",
      "license": "ISC",
      "dependencies": {
        "@upstash/vector": "^1.1.1"
      }
    },
    "node_modules/@upstash/vector": {
      "version": "1.2.3",
      "resolved": "https://registry.npmjs.org/@upstash/vector/-/vector-1.2.3.tgz",
      "integrity": "sha512-yXsWKeuHNYyH72BcSZd3bV5ZD5MybAoTvKxkMaeV2UzuGfNzbHBVh5eO+ysTWTFAf8I9XcOueF4tZfAGjCa4Iw==",
      "license": "MIT"
    }
  }
}
