{
  "name": "image-classification",
  "version": "1.0.0",
  "lockfileVersion": 3,
  "requires": true,
  "packages": {
    "": {
      "name": "image-classification",
      "version": "1.0.0",
      "dependencies": {
        "@huggingface/inference": "^2.7.0",
        "node-appwrite": "^14.1.0"
      },
      "devDependencies": {
        "prettier": "^3.2.5"
      }
    },
    "node_modules/@huggingface/inference": {
      "version": "2.8.1",
      "resolved": "https://registry.npmjs.org/@huggingface/inference/-/inference-2.8.1.tgz",
      "integrity": "sha512-EfsNtY9OR6JCNaUa5bZu2mrs48iqeTz0Gutwf+fU0Kypx33xFQB4DKMhp8u4Ee6qVbLbNWvTHuWwlppLQl4p4Q==",
      "license": "MIT",
      "dependencies": {
        "@huggingface/tasks": "^0.12.9"
      },
      "engines": {
        "node": ">=18"
      }
    },
    "node_modules/@huggingface/tasks": {
      "version": "0.12.30",
      "resolved": "https://registry.npmjs.org/@huggingface/tasks/-/tasks-0.12.30.tgz",
      "integrity": "sha512-A1ITdxbEzx9L8wKR8pF7swyrTLxWNDFIGDLUWInxvks2ruQ8PLRBZe8r0EcjC3CDdtlj9jV1V4cgV35K/iy3GQ==",
      "license": "MIT"
    },
    "node_modules/node-appwrite": {
      "version": "14.2.0",
      "resolved": "https://registry.npmjs.org/node-appwrite/-/node-appwrite-14.2.0.tgz",
      "integrity": "sha512-sPPA+JzdBJRS+lM6azX85y3/6iyKQYlHcXCbjMuWLROh6IiU9EfXRW3XSUTa5HDoBrlo8ve+AnVA6BIjQfUs1g==",
      "license": "BSD-3-Clause",
      "dependencies": {
        "node-fetch-native-with-agent": "1.7.2"
      }
    },
    "node_modules/node-fetch-native-with-agent": {
      "version": "1.7.2",
      "resolved": "https://registry.npmjs.org/node-fetch-native-with-agent/-/node-fetch-native-with-agent-1.7.2.tgz",
      "integrity": "sha512-5MaOOCuJEvcckoz7/tjdx1M6OusOY6Xc5f459IaruGStWnKzlI1qpNgaAwmn4LmFYcsSlj+jBMk84wmmRxfk5g==",
      "license": "MIT"
    },
    "node_modules/prettier": {
      "version": "3.9.6",
      "resolved": "https://registry.npmjs.org/prettier/-/prettier-3.9.6.tgz",
      "integrity": "sha512-OpN0zzVdiaiAhxpuuj5efpIS4sY9j7bY6uR5mnj5yPzGkdkjNKSJeUThPb60Jw29QuAZgA4o+/iB49kFiaBX6g==",
      "dev": true,
      "license": "MIT",
      "bin": {
        "prettier": "bin/prettier.cjs"
      },
      "engines": {
        "node": ">=14"
      },
      "funding": {
        "url": "https://github.com/prettier/prettier?sponsor=1"
      }
    }
  }
}
