{
  "name": "discord-bot",
  "version": "1.0.0",
  "lockfileVersion": 3,
  "requires": true,
  "packages": {
    "": {
      "name": "discord-bot",
      "version": "1.0.0",
      "dependencies": {
        "discord-interactions": "^3.4.0",
        "undici": "^6.18.1"
      },
      "devDependencies": {
        "prettier": "^3.2.5"
      }
    },
    "node_modules/discord-interactions": {
      "version": "3.4.0",
      "resolved": "https://registry.npmjs.org/discord-interactions/-/discord-interactions-3.4.0.tgz",
      "integrity": "sha512-DG0Jxdd/FcK8liAPhIP4u5YHpnz50JWn9DK4OavxsLD49/WGimXtP3EdOY439MaWyCgQfsfFkA1GsTEyu63RzA==",
      "dependencies": {
        "tweetnacl": "^1.0.3"
      },
      "engines": {
        "node": ">=12"
      }
    },
    "node_modules/prettier": {
      "version": "3.2.5",
      "resolved": "https://registry.npmjs.org/prettier/-/prettier-3.2.5.tgz",
      "integrity": "sha512-3/GWa9aOC0YeD7LUfvOG2NiDyhOWRvt1k+rcKhOuYnMY24iiCphgneUfJDyFXd6rZCAnuLBv6UeAULtrhT/F4A==",
      "dev": true,
      "bin": {
        "prettier": "bin/prettier.cjs"
      },
      "engines": {
        "node": ">=14"
      },
      "funding": {
        "url": "https://github.com/prettier/prettier?sponsor=1"
      }
    },
    "node_modules/tweetnacl": {
      "version": "1.0.3",
      "resolved": "https://registry.npmjs.org/tweetnacl/-/tweetnacl-1.0.3.tgz",
      "integrity": "sha512-6rt+RN7aOi1nGMyC4Xa5DdYiukl2UWCbcJft7YhxReBGQD7OAM8Pbxw6YMo4r2diNEA8FEmu32YOn9rhaiE5yw=="
    },
    "node_modules/undici": {
      "version": "6.18.1",
      "resolved": "https://registry.npmjs.org/undici/-/undici-6.18.1.tgz",
      "integrity": "sha512-/0BWqR8rJNRysS5lqVmfc7eeOErcOP4tZpATVjJOojjHZ71gSYVAtFhEmadcIjwMIUehh5NFyKGsXCnXIajtbA==",
      "engines": {
        "node": ">=18.17"
      }
    }
  }
}
