{
  "name": "generate-with-fal",
  "version": "1.0.0",
  "lockfileVersion": 3,
  "requires": true,
  "packages": {
    "": {
      "name": "generate-with-fal",
      "version": "1.0.0",
      "dependencies": {
        "@fal-ai/serverless-client": "^0.10.0"
      },
      "devDependencies": {
        "prettier": "^3.2.5"
      }
    },
    "node_modules/@fal-ai/serverless-client": {
      "version": "0.10.0",
      "resolved": "https://registry.npmjs.org/@fal-ai/serverless-client/-/serverless-client-0.10.0.tgz",
      "integrity": "sha512-y/J4VKicordIqxX4Fl5tGyPFtXau2nUCoFvzpf2xL20Li8XNGC26fW72MQ9j3Zq3NsVz0gtTn0eSBEe7XiujeA==",
      "dependencies": {
        "@msgpack/msgpack": "^3.0.0-beta2",
        "eventsource-parser": "^1.1.2",
        "robot3": "^0.4.1",
        "uuid-random": "^1.3.2"
      },
      "engines": {
        "node": ">=18.0.0"
      }
    },
    "node_modules/@msgpack/msgpack": {
      "version": "3.0.0-beta2",
      "resolved": "https://registry.npmjs.org/@msgpack/msgpack/-/msgpack-3.0.0-beta2.tgz",
      "integrity": "sha512-y+l1PNV0XDyY8sM3YtuMLK5vE3/hkfId+Do8pLo/OPxfxuFAUwcGz3oiiUuV46/aBpwTzZ+mRWVMtlSKbradhw==",
      "engines": {
        "node": ">= 14"
      }
    },
    "node_modules/eventsource-parser": {
      "version": "1.1.2",
      "resolved": "https://registry.npmjs.org/eventsource-parser/-/eventsource-parser-1.1.2.tgz",
      "integrity": "sha512-v0eOBUbiaFojBu2s2NPBfYUoRR9GjcDNvCXVaqEf5vVfpIAh9f8RCo4vXTP8c63QRKCFwoLpMpTdPwwhEKVgzA==",
      "engines": {
        "node": ">=14.18"
      }
    },
    "node_modules/prettier": {
      "version": "3.2.5",
      "resolved": "https://registry.npmjs.org/prettier/-/prettier-3.2.5.tgz",
      "integrity": "sha512-3/GWa9aOC0YeD7LUfvOG2NiDyhOWRvt1k+rcKhOuYnMY24iiCphgneUfJDyFXd6rZCAnuLBv6UeAULtrhT/F4A==",
      "dev": true,
      "bin": {
        "prettier": "bin/prettier.cjs"
      },
      "engines": {
        "node": ">=14"
      },
      "funding": {
        "url": "https://github.com/prettier/prettier?sponsor=1"
      }
    },
    "node_modules/robot3": {
      "version": "0.4.1",
      "resolved": "https://registry.npmjs.org/robot3/-/robot3-0.4.1.tgz",
      "integrity": "sha512-hzjy826lrxzx8eRgv80idkf8ua1JAepRc9Efdtj03N3KNJuznQCPlyCJ7gnUmDFwZCLQjxy567mQVKmdv2BsXQ=="
    },
    "node_modules/uuid-random": {
      "version": "1.3.2",
      "resolved": "https://registry.npmjs.org/uuid-random/-/uuid-random-1.3.2.tgz",
      "integrity": "sha512-UOzej0Le/UgkbWEO8flm+0y+G+ljUon1QWTEZOq1rnMAsxo2+SckbiZdKzAHHlVh6gJqI1TjC/xwgR50MuCrBQ=="
    }
  }
}
