{
  "name": "text-generation-with-hugging-face",
  "version": "1.0.0",
  "lockfileVersion": 3,
  "requires": true,
  "packages": {
    "": {
      "name": "text-generation-with-hugging-face",
      "version": "1.0.0",
      "dependencies": {
        "@huggingface/inference": "^2.6.7"
      },
      "devDependencies": {
        "prettier": "^3.2.5"
      }
    },
    "node_modules/@huggingface/inference": {
      "version": "2.6.7",
      "resolved": "https://registry.npmjs.org/@huggingface/inference/-/inference-2.6.7.tgz",
      "integrity": "sha512-vFBqvtU3LhxjufTs0jcRrDSc0nK+lah10bOgvlIn80lAH4JwMzHHPBQ4g4ECEdRD0PIt6EpTiidEZQq2sArb5Q==",
      "engines": {
        "node": ">=18"
      }
    },
    "node_modules/prettier": {
      "version": "3.2.5",
      "resolved": "https://registry.npmjs.org/prettier/-/prettier-3.2.5.tgz",
      "integrity": "sha512-3/GWa9aOC0YeD7LUfvOG2NiDyhOWRvt1k+rcKhOuYnMY24iiCphgneUfJDyFXd6rZCAnuLBv6UeAULtrhT/F4A==",
      "dev": true,
      "bin": {
        "prettier": "bin/prettier.cjs"
      },
      "engines": {
        "node": ">=14"
      },
      "funding": {
        "url": "https://github.com/prettier/prettier?sponsor=1"
      }
    }
  }
}
