{
  "name": "query-neon-postgres",
  "version": "1.0.0",
  "lockfileVersion": 3,
  "requires": true,
  "packages": {
    "": {
      "name": "query-neon-postgres",
      "version": "1.0.0",
      "license": "ISC",
      "dependencies": {
        "postgres": "^3.4.4"
      }
    },
    "node_modules/postgres": {
      "version": "3.4.4",
      "resolved": "https://registry.npmjs.org/postgres/-/postgres-3.4.4.tgz",
      "integrity": "sha512-IbyN+9KslkqcXa8AO9fxpk97PA4pzewvpi2B3Dwy9u4zpV32QicaEdgmF3eSQUzdRk7ttDHQejNgAEr4XoeH4A==",
      "engines": {
        "node": ">=12"
      },
      "funding": {
        "type": "individual",
        "url": "https://github.com/sponsors/porsager"
      }
    }
  }
}
