{
    "_readme": [
        "This file locks the dependencies of your project to a known state",
        "Read more about it at https://getcomposer.org/doc/01-basic-usage.md#installing-dependencies",
        "This file is @generated automatically"
    ],
    "content-hash": "abb8f33d9f904ad668c641fa940e8b5e",
    "packages": [
        {
            "name": "appwrite/appwrite",
            "version": "18.0.1",
            "source": {
                "type": "git",
                "url": "https://github.com/appwrite/sdk-for-php.git",
                "reference": "950112a73c05297e23fa2eddb68f4ce8a6024e03"
            },
            "dist": {
                "type": "zip",
                "url": "https://api.github.com/repos/appwrite/sdk-for-php/zipball/950112a73c05297e23fa2eddb68f4ce8a6024e03",
                "reference": "950112a73c05297e23fa2eddb68f4ce8a6024e03",
                "shasum": ""
            },
            "require": {
                "ext-curl": "*",
                "ext-json": "*",
                "php": ">=7.1.0"
            },
            "require-dev": {
                "mockery/mockery": "^1.6.12",
                "phpunit/phpunit": "^10"
            },
            "type": "library",
            "autoload": {
                "psr-4": {
                    "Appwrite\\": "src/Appwrite"
                }
            },
            "notification-url": "https://packagist.org/downloads/",
            "license": [
                "BSD-3-Clause"
            ],
            "description": "Appwrite is an open-source self-hosted backend server that abstract and simplify complex and repetitive development tasks behind a very simple REST API",
            "support": {
                "email": "team@appwrite.io",
                "issues": "https://github.com/appwrite/sdk-for-php/issues",
                "source": "https://github.com/appwrite/sdk-for-php/tree/18.0.1",
                "url": "https://appwrite.io/support"
            },
            "time": "2025-11-10T12:50:46+00:00"
        }
    ],
    "packages-dev": [],
    "aliases": [],
    "minimum-stability": "stable",
    "stability-flags": {},
    "prefer-stable": false,
    "prefer-lowest": false,
    "platform": {
        "php": ">=8.0.0"
    },
    "platform-dev": {},
    "plugin-api-version": "2.9.0"
}
